{
    "name": "uhcrunbeta04",
    "version": "1.0.0",
    "lockfileVersion": 3,
    "requires": true,
    "packages": {
        "": {
            "name": "uhcrunbeta04",
            "version": "1.0.0",
            "license": "ISC",
            "dependencies": {
                "@minecraft/server": "2.8.0-beta.1.26.21-stable",
                "@minecraft/server-ui": "2.1.0-beta.1.26.21-stable"
            }
        },
        "node_modules/@minecraft/common": {
            "version": "1.3.0",
            "resolved": "https://registry.npmjs.org/@minecraft/common/-/common-1.3.0.tgz",
            "integrity": "sha512-GLT8USFhvEyeTTFHZAgszbrnoT007hmXmK+aO4l+2A1up9/zwZ+4e8R8F0KcKrCWDjLEqkOJtPow0hQCcNJ++Q==",
            "license": "MIT",
            "peer": true
        },
        "node_modules/@minecraft/server": {
            "version": "2.8.0-beta.1.26.21-stable",
            "resolved": "https://registry.npmjs.org/@minecraft/server/-/server-2.8.0-beta.1.26.21-stable.tgz",
            "integrity": "sha512-HdR2EjmleJBBuaXH4iEobdXh7dcuWtV8AIZn2Kd+UkvlBPc4iIPSqXaEt7nqOk0tyhbKfRs/X3aoVtAMHW+kmQ==",
            "license": "MIT",
            "peerDependencies": {
                "@minecraft/common": "^1.2.0",
                "@minecraft/vanilla-data": ">=1.20.70"
            }
        },
        "node_modules/@minecraft/server-ui": {
            "version": "2.1.0-beta.1.26.21-stable",
            "resolved": "https://registry.npmjs.org/@minecraft/server-ui/-/server-ui-2.1.0-beta.1.26.21-stable.tgz",
            "integrity": "sha512-7HLABf+fpKQ+XPM4wG1Z8e3lcKqXv1kYM69cWwKN9vcCifh6sKmFY0RkiSm5RBrnGoAQdF200hGOGWoU3+t6NA==",
            "license": "MIT",
            "peerDependencies": {
                "@minecraft/common": "^1.0.0",
                "@minecraft/server": "^2.0.0 || ^2.8.0-beta.1.26.21-stable"
            }
        },
        "node_modules/@minecraft/vanilla-data": {
            "version": "1.26.21",
            "resolved": "https://registry.npmjs.org/@minecraft/vanilla-data/-/vanilla-data-1.26.21.tgz",
            "integrity": "sha512-bDmqSIjZBoaChpAdK2H3SVzhIod4/kXwY+viEA3AgftAbda1X1dkjMiBbxZcmwzRrVwT9embIB3zsEkYn1rSNA==",
            "license": "MIT",
            "peer": true
        }
    }
}
